
Microsoft Visual Studio Solution File, Format Version 12.00
# Visual Studio Version 17
VisualStudioVersion = 17.9.34701.34
MinimumVisualStudioVersion = 10.0.40219.1
Project("{FAE04EC0-301F-11D3-BF4B-00C04F79EFBC}") = "khveng", "khveng\khveng.csproj", "{204BAF53-5CFD-45FE-B911-EB3F6D839854}"
EndProject
Global
	GlobalSection(SolutionConfigurationPlatforms) = preSolution
		Debug|Any CPU = Debug|Any CPU
		Release|Any CPU = Release|Any CPU
	EndGlobalSection
	GlobalSection(ProjectConfigurationPlatforms) = postSolution
		{204BAF53-5CFD-45FE-B911-EB3F6D839854}.Debug|Any CPU.ActiveCfg = Debug|Any CPU
		{204BAF53-5CFD-45FE-B911-EB3F6D839854}.Debug|Any CPU.Build.0 = Debug|Any CPU
		{204BAF53-5CFD-45FE-B911-EB3F6D839854}.Release|Any CPU.ActiveCfg = Release|Any CPU
		{204BAF53-5CFD-45FE-B911-EB3F6D839854}.Release|Any CPU.Build.0 = Release|Any CPU
	EndGlobalSection
	GlobalSection(SolutionProperties) = preSolution
		HideSolutionNode = FALSE
	EndGlobalSection
	GlobalSection(ExtensibilityGlobals) = postSolution
		SolutionGuid = {402CE4BF-AEBA-47F3-A79A-B0F9775B5C32}
	EndGlobalSection
EndGlobal
